// !$*UTF8*$!
{
	archiveVersion = 1;
	classes = {
	};
	objectVersion = 46;
	objects = {

/* Begin PBXBuildFile section */
		04FEE1D057FBD1D784614AD2 /* AssociatedStorage.swift in Sources */ = {isa = PBXBuildFile; fileRef = 0B05581D1CA32B5C82747C43 /* AssociatedStorage.swift */; };
		1CA611AB0DC36F33896357D0 /* SimplyInitializableTests.swift in Sources */ = {isa = PBXBuildFile; fileRef = 1C709B03B86E2478E7F6310B /* SimplyInitializableTests.swift */; };
		2648961189FD124BE56CB276 /* Pods_Tests.framework in Frameworks */ = {isa = PBXBuildFile; fileRef = 2D441873CAA554523F67080C /* Pods_Tests.framework */; };
		3DE7C1C3EAAB3B45BD09BABE /* Foundation.framework in Frameworks */ = {isa = PBXBuildFile; fileRef = DF8BD0BDC47C1614E851B82E /* Foundation.framework */; };
		70EE9BDFB0D31384065A4D9D /* Foundation.framework in Frameworks */ = {isa = PBXBuildFile; fileRef = DF8BD0BDC47C1614E851B82E /* Foundation.framework */; };
		DAF0C18C08FF7854CED6E0EE /* Pods_Fwk.framework in Frameworks */ = {isa = PBXBuildFile; fileRef = A25C1A2D21DBC28111F831D3 /* Pods_Fwk.framework */; };
/* End PBXBuildFile section */

/* Begin PBXContainerItemProxy section */
		842AE4E93643327809128107 /* PBXContainerItemProxy */ = {
			isa = PBXContainerItemProxy;
			containerPortal = 7DCE22E23E961CD428BC7059 /* Project object */;
			proxyType = 1;
			remoteGlobalIDString = 216C9B3D62C6C4063A8C99AF;
			remoteInfo = Fwk;
		};
/* End PBXContainerItemProxy section */

/* Begin PBXCopyFilesBuildPhase section */
		744E773077FB68D4119555D0 /* Embed Frameworks */ = {
			isa = PBXCopyFilesBuildPhase;
			buildActionMask = 2147483647;
			dstPath = "";
			dstSubfolderSpec = 10;
			files = (
			);
			name = "Embed Frameworks";
			runOnlyForDeploymentPostprocessing = 0;
		};
		A62D00E8096F74E4EB48BDFA /* Embed Frameworks */ = {
			isa = PBXCopyFilesBuildPhase;
			buildActionMask = 2147483647;
			dstPath = "";
			dstSubfolderSpec = 10;
			files = (
			);
			name = "Embed Frameworks";
			runOnlyForDeploymentPostprocessing = 0;
		};
/* End PBXCopyFilesBuildPhase section */

/* Begin PBXFileReference section */
		0B05581D1CA32B5C82747C43 /* AssociatedStorage.swift */ = {isa = PBXFileReference; includeInIndex = 1; lastKnownFileType = sourcecode.swift; path = AssociatedStorage.swift; sourceTree = "<group>"; };
		1C709B03B86E2478E7F6310B /* SimplyInitializableTests.swift */ = {isa = PBXFileReference; includeInIndex = 1; lastKnownFileType = sourcecode.swift; path = SimplyInitializableTests.swift; sourceTree = "<group>"; };
		2D441873CAA554523F67080C /* Pods_Tests.framework */ = {isa = PBXFileReference; explicitFileType = wrapper.framework; includeInIndex = 0; path = Pods_Tests.framework; sourceTree = BUILT_PRODUCTS_DIR; };
		5C02BCAF95E34DD9DEBA9D00 /* Pods-Tests.release.xcconfig */ = {isa = PBXFileReference; includeInIndex = 1; lastKnownFileType = text.xcconfig; name = "Pods-Tests.release.xcconfig"; path = "Pods/Target Support Files/Pods-Tests/Pods-Tests.release.xcconfig"; sourceTree = "<group>"; };
		74E544D902BD0E8A557972F2 /* Pods-Tests.debug.xcconfig */ = {isa = PBXFileReference; includeInIndex = 1; lastKnownFileType = text.xcconfig; name = "Pods-Tests.debug.xcconfig"; path = "Pods/Target Support Files/Pods-Tests/Pods-Tests.debug.xcconfig"; sourceTree = "<group>"; };
		86880F2E66B6364AED4C0C4B /* Fwk.framework */ = {isa = PBXFileReference; explicitFileType = wrapper.framework; includeInIndex = 0; name = Fwk.framework; path = XCEAssociatedStorage.framework; sourceTree = BUILT_PRODUCTS_DIR; };
		A25C1A2D21DBC28111F831D3 /* Pods_Fwk.framework */ = {isa = PBXFileReference; explicitFileType = wrapper.framework; includeInIndex = 0; path = Pods_Fwk.framework; sourceTree = BUILT_PRODUCTS_DIR; };
		B921C3759616627888734B42 /* Pods-Fwk.debug.xcconfig */ = {isa = PBXFileReference; includeInIndex = 1; lastKnownFileType = text.xcconfig; name = "Pods-Fwk.debug.xcconfig"; path = "Pods/Target Support Files/Pods-Fwk/Pods-Fwk.debug.xcconfig"; sourceTree = "<group>"; };
		C64DC69E57BC29B1A511641E /* Tests.xctest */ = {isa = PBXFileReference; explicitFileType = wrapper.cfbundle; includeInIndex = 0; path = Tests.xctest; sourceTree = BUILT_PRODUCTS_DIR; };
		DF8BD0BDC47C1614E851B82E /* Foundation.framework */ = {isa = PBXFileReference; lastKnownFileType = wrapper.framework; name = Foundation.framework; path = Platforms/iPhoneOS.platform/Developer/SDKs/iPhoneOS10.3.sdk/System/Library/Frameworks/Foundation.framework; sourceTree = DEVELOPER_DIR; };
		EF8788EA731E9CB19FEBBC1C /* Pods-Fwk.release.xcconfig */ = {isa = PBXFileReference; includeInIndex = 1; lastKnownFileType = text.xcconfig; name = "Pods-Fwk.release.xcconfig"; path = "Pods/Target Support Files/Pods-Fwk/Pods-Fwk.release.xcconfig"; sourceTree = "<group>"; };
/* End PBXFileReference section */

/* Begin PBXFrameworksBuildPhase section */
		D29CD1A29BB644209DE7B548 /* Frameworks */ = {
			isa = PBXFrameworksBuildPhase;
			buildActionMask = 2147483647;
			files = (
				70EE9BDFB0D31384065A4D9D /* Foundation.framework in Frameworks */,
				2648961189FD124BE56CB276 /* Pods_Tests.framework in Frameworks */,
			);
			runOnlyForDeploymentPostprocessing = 0;
		};
		DC3EBF1DE9A6B3772B27054E /* Frameworks */ = {
			isa = PBXFrameworksBuildPhase;
			buildActionMask = 2147483647;
			files = (
				3DE7C1C3EAAB3B45BD09BABE /* Foundation.framework in Frameworks */,
				DAF0C18C08FF7854CED6E0EE /* Pods_Fwk.framework in Frameworks */,
			);
			runOnlyForDeploymentPostprocessing = 0;
		};
/* End PBXFrameworksBuildPhase section */

/* Begin PBXGroup section */
		104B49C5DCF3D526F11B34DF = {
			isa = PBXGroup;
			children = (
				9385D7BABD05D035D44C4E51 /* Frameworks */,
				26327BAF212DBF1FF4C4DDBC /* Pods */,
				270BA29984099A5FEE7E2C9F /* Products */,
				AAD485A61ED5A43B31CF3440 /* Sources */,
				140AB123A76999C61D0E6CDB /* Tests */,
			);
			sourceTree = "<group>";
		};
		140AB123A76999C61D0E6CDB /* Tests */ = {
			isa = PBXGroup;
			children = (
				1C709B03B86E2478E7F6310B /* SimplyInitializableTests.swift */,
			);
			path = Tests;
			sourceTree = SOURCE_ROOT;
		};
		26327BAF212DBF1FF4C4DDBC /* Pods */ = {
			isa = PBXGroup;
			children = (
				B921C3759616627888734B42 /* Pods-Fwk.debug.xcconfig */,
				EF8788EA731E9CB19FEBBC1C /* Pods-Fwk.release.xcconfig */,
				74E544D902BD0E8A557972F2 /* Pods-Tests.debug.xcconfig */,
				5C02BCAF95E34DD9DEBA9D00 /* Pods-Tests.release.xcconfig */,
			);
			name = Pods;
			sourceTree = "<group>";
		};
		270BA29984099A5FEE7E2C9F /* Products */ = {
			isa = PBXGroup;
			children = (
				86880F2E66B6364AED4C0C4B /* Fwk.framework */,
				C64DC69E57BC29B1A511641E /* Tests.xctest */,
			);
			name = Products;
			sourceTree = "<group>";
		};
		9385D7BABD05D035D44C4E51 /* Frameworks */ = {
			isa = PBXGroup;
			children = (
				A04E11A5CAE8C7E13DF709B2 /* $local */,
				9DA6D57A25E6AF24CBD2C668 /* iOS */,
				A25C1A2D21DBC28111F831D3 /* Pods_Fwk.framework */,
				2D441873CAA554523F67080C /* Pods_Tests.framework */,
			);
			name = Frameworks;
			sourceTree = "<group>";
		};
		9DA6D57A25E6AF24CBD2C668 /* iOS */ = {
			isa = PBXGroup;
			children = (
				DF8BD0BDC47C1614E851B82E /* Foundation.framework */,
			);
			name = iOS;
			sourceTree = "<group>";
		};
		A04E11A5CAE8C7E13DF709B2 /* $local */ = {
			isa = PBXGroup;
			children = (
			);
			name = $local;
			sourceTree = "<group>";
		};
		AAD485A61ED5A43B31CF3440 /* Sources */ = {
			isa = PBXGroup;
			children = (
				0B05581D1CA32B5C82747C43 /* AssociatedStorage.swift */,
			);
			path = Sources;
			sourceTree = SOURCE_ROOT;
		};
/* End PBXGroup section */

/* Begin PBXNativeTarget section */
		216C9B3D62C6C4063A8C99AF /* Fwk */ = {
			isa = PBXNativeTarget;
			buildConfigurationList = 4CD8B6AC6B085E9D864143E5 /* Build configuration list for PBXNativeTarget "Fwk" */;
			buildPhases = (
				EB1653D1F502CD397810BB3B /* SwiftLint */,
				59CB750FEFBC3BE4A5647E31 /* [CP] Check Pods Manifest.lock */,
				76B6A8F35D4A2DF5DC98CBE6 /* Sources */,
				DC3EBF1DE9A6B3772B27054E /* Frameworks */,
				A62D00E8096F74E4EB48BDFA /* Embed Frameworks */,
				8D4F8F24759B0B75E0A8657F /* [CP] Copy Pods Resources */,
			);
			buildRules = (
			);
			dependencies = (
			);
			name = Fwk;
			productName = Fwk;
			productReference = 86880F2E66B6364AED4C0C4B /* Fwk.framework */;
			productType = "com.apple.product-type.framework";
		};
		DB2C974D0495FD93DD4D7D41 /* Tests */ = {
			isa = PBXNativeTarget;
			buildConfigurationList = 49F0CFCC106CA38B0DD3B1AE /* Build configuration list for PBXNativeTarget "Tests" */;
			buildPhases = (
				958E7EA1694D1450AD39BC40 /* [CP] Check Pods Manifest.lock */,
				4862F472218B6D2EA2F0ED5A /* Sources */,
				D29CD1A29BB644209DE7B548 /* Frameworks */,
				744E773077FB68D4119555D0 /* Embed Frameworks */,
				D24551A59291F5F680A7D7EC /* [CP] Embed Pods Frameworks */,
				819C11BDF4FDFCDF4C1FBC25 /* [CP] Copy Pods Resources */,
			);
			buildRules = (
			);
			dependencies = (
				32589BE8AEF19EA6819F0237 /* PBXTargetDependency */,
			);
			name = Tests;
			productName = Tests;
			productReference = C64DC69E57BC29B1A511641E /* Tests.xctest */;
			productType = "com.apple.product-type.bundle.unit-test";
		};
/* End PBXNativeTarget section */

/* Begin PBXProject section */
		7DCE22E23E961CD428BC7059 /* Project object */ = {
			isa = PBXProject;
			attributes = {
				LastSwiftUpdateCheck = 0830;
				LastUpgradeCheck = 0700;
				Struct.Version = 2.1.0;
			};
			buildConfigurationList = 0BC354842B2D78FC7B8FB6A3 /* Build configuration list for PBXProject "Main" */;
			compatibilityVersion = "Xcode 3.2";
			developmentRegion = English;
			hasScannedForEncodings = 0;
			knownRegions = (
				en,
			);
			mainGroup = 104B49C5DCF3D526F11B34DF;
			productRefGroup = 270BA29984099A5FEE7E2C9F /* Products */;
			projectDirPath = "";
			projectRoot = "";
			targets = (
				216C9B3D62C6C4063A8C99AF /* Fwk */,
				DB2C974D0495FD93DD4D7D41 /* Tests */,
			);
		};
/* End PBXProject section */

/* Begin PBXShellScriptBuildPhase section */
		59CB750FEFBC3BE4A5647E31 /* [CP] Check Pods Manifest.lock */ = {
			isa = PBXShellScriptBuildPhase;
			buildActionMask = 2147483647;
			files = (
			);
			inputPaths = (
			);
			name = "[CP] Check Pods Manifest.lock";
			outputPaths = (
			);
			runOnlyForDeploymentPostprocessing = 0;
			shellPath = /bin/sh;
			shellScript = "diff \"${PODS_PODFILE_DIR_PATH}/Podfile.lock\" \"${PODS_ROOT}/Manifest.lock\" > /dev/null\nif [ $? != 0 ] ; then\n    # print error to STDERR\n    echo \"error: The sandbox is not in sync with the Podfile.lock. Run 'pod install' or update your CocoaPods installation.\" >&2\n    exit 1\nfi\n";
			showEnvVarsInLog = 0;
		};
		819C11BDF4FDFCDF4C1FBC25 /* [CP] Copy Pods Resources */ = {
			isa = PBXShellScriptBuildPhase;
			buildActionMask = 2147483647;
			files = (
			);
			inputPaths = (
			);
			name = "[CP] Copy Pods Resources";
			outputPaths = (
			);
			runOnlyForDeploymentPostprocessing = 0;
			shellPath = /bin/sh;
			shellScript = "\"${SRCROOT}/Pods/Target Support Files/Pods-Tests/Pods-Tests-resources.sh\"\n";
			showEnvVarsInLog = 0;
		};
		8D4F8F24759B0B75E0A8657F /* [CP] Copy Pods Resources */ = {
			isa = PBXShellScriptBuildPhase;
			buildActionMask = 2147483647;
			files = (
			);
			inputPaths = (
			);
			name = "[CP] Copy Pods Resources";
			outputPaths = (
			);
			runOnlyForDeploymentPostprocessing = 0;
			shellPath = /bin/sh;
			shellScript = "\"${SRCROOT}/Pods/Target Support Files/Pods-Fwk/Pods-Fwk-resources.sh\"\n";
			showEnvVarsInLog = 0;
		};
		958E7EA1694D1450AD39BC40 /* [CP] Check Pods Manifest.lock */ = {
			isa = PBXShellScriptBuildPhase;
			buildActionMask = 2147483647;
			files = (
			);
			inputPaths = (
			);
			name = "[CP] Check Pods Manifest.lock";
			outputPaths = (
			);
			runOnlyForDeploymentPostprocessing = 0;
			shellPath = /bin/sh;
			shellScript = "diff \"${PODS_PODFILE_DIR_PATH}/Podfile.lock\" \"${PODS_ROOT}/Manifest.lock\" > /dev/null\nif [ $? != 0 ] ; then\n    # print error to STDERR\n    echo \"error: The sandbox is not in sync with the Podfile.lock. Run 'pod install' or update your CocoaPods installation.\" >&2\n    exit 1\nfi\n";
			showEnvVarsInLog = 0;
		};
		D24551A59291F5F680A7D7EC /* [CP] Embed Pods Frameworks */ = {
			isa = PBXShellScriptBuildPhase;
			buildActionMask = 2147483647;
			files = (
			);
			inputPaths = (
			);
			name = "[CP] Embed Pods Frameworks";
			outputPaths = (
			);
			runOnlyForDeploymentPostprocessing = 0;
			shellPath = /bin/sh;
			shellScript = "\"${SRCROOT}/Pods/Target Support Files/Pods-Tests/Pods-Tests-frameworks.sh\"\n";
			showEnvVarsInLog = 0;
		};
		EB1653D1F502CD397810BB3B /* SwiftLint */ = {
			isa = PBXShellScriptBuildPhase;
			buildActionMask = 2147483647;
			files = (
			);
			inputPaths = (
			);
			name = SwiftLint;
			outputPaths = (
			);
			runOnlyForDeploymentPostprocessing = 0;
			shellPath = /bin/sh;
			shellScript = "if which swiftlint >/dev/null; then\n    swiftlint\nelse\n    echo \"warning: SwiftLint not installed, download from https://github.com/realm/SwiftLint\"\nfi";
		};
/* End PBXShellScriptBuildPhase section */

/* Begin PBXSourcesBuildPhase section */
		4862F472218B6D2EA2F0ED5A /* Sources */ = {
			isa = PBXSourcesBuildPhase;
			buildActionMask = 2147483647;
			files = (
				1CA611AB0DC36F33896357D0 /* SimplyInitializableTests.swift in Sources */,
			);
			runOnlyForDeploymentPostprocessing = 0;
		};
		76B6A8F35D4A2DF5DC98CBE6 /* Sources */ = {
			isa = PBXSourcesBuildPhase;
			buildActionMask = 2147483647;
			files = (
				04FEE1D057FBD1D784614AD2 /* AssociatedStorage.swift in Sources */,
			);
			runOnlyForDeploymentPostprocessing = 0;
		};
/* End PBXSourcesBuildPhase section */

/* Begin PBXTargetDependency section */
		32589BE8AEF19EA6819F0237 /* PBXTargetDependency */ = {
			isa = PBXTargetDependency;
			name = Fwk;
			target = 216C9B3D62C6C4063A8C99AF /* Fwk */;
			targetProxy = 842AE4E93643327809128107 /* PBXContainerItemProxy */;
		};
/* End PBXTargetDependency section */

/* Begin XCBuildConfiguration section */
		345D99AFDB12B198007F96BA /* Debug */ = {
			isa = XCBuildConfiguration;
			baseConfigurationReference = B921C3759616627888734B42 /* Pods-Fwk.debug.xcconfig */;
			buildSettings = {
				ALWAYS_EMBED_SWIFT_STANDARD_LIBRARIES = YES;
				CURRENT_PROJECT_VERSION = 1;
				DEFINES_MODULE = NO;
				ENABLE_TESTABILITY = YES;
				INFOPLIST_FILE = Info/Fwk.plist;
				INSTALL_PATH = "$(LOCAL_LIBRARY_DIR)/Frameworks";
				IPHONEOS_DEPLOYMENT_TARGET = 8.0;
				LD_RUNPATH_SEARCH_PATHS = "$(inherited) @executable_path/Frameworks";
				MTL_ENABLE_DEBUG_INFO = true;
				PRODUCT_BUNDLE_IDENTIFIER = io.XCEssentials.AssociatedStorage;
				PRODUCT_NAME = XCEAssociatedStorage;
				SDKROOT = iphoneos;
				SKIP_INSTALL = YES;
				SWIFT_VERSION = 3.0;
				TARGETED_DEVICE_FAMILY = "1,2";
				VERSIONING_SYSTEM = "apple-generic";
				VERSION_INFO_PREFIX = "";
			};
			name = Debug;
		};
		655D2B34798246B1B2EEC9DB /* Release */ = {
			isa = XCBuildConfiguration;
			buildSettings = {
				ALWAYS_SEARCH_USER_PATHS = NO;
				CLANG_ANALYZER_NONNULL = YES;
				CLANG_CXX_LANGUAGE_STANDARD = "gnu++0x";
				CLANG_CXX_LIBRARY = "libc++";
				CLANG_ENABLE_MODULES = YES;
				CLANG_ENABLE_OBJC_ARC = YES;
				CLANG_WARN_BOOL_CONVERSION = YES;
				CLANG_WARN_CONSTANT_CONVERSION = YES;
				CLANG_WARN_DIRECT_OBJC_ISA_USAGE = YES_ERROR;
				CLANG_WARN_DOCUMENTATION_COMMENTS = YES;
				CLANG_WARN_EMPTY_BODY = YES;
				CLANG_WARN_ENUM_CONVERSION = YES;
				CLANG_WARN_INFINITE_RECURSION = YES;
				CLANG_WARN_INT_CONVERSION = YES;
				CLANG_WARN_OBJC_ROOT_CLASS = YES_ERROR;
				CLANG_WARN_SUSPICIOUS_MOVE = YES;
				CLANG_WARN_SUSPICIOUS_MOVES = YES;
				CLANG_WARN_UNREACHABLE_CODE = YES;
				CLANG_WARN__DUPLICATE_METHOD_MATCH = YES;
				CODE_SIGN_IDENTITY = "-";
				"CODE_SIGN_IDENTITY[sdk=iphoneos*]" = "";
				COPY_PHASE_STRIP = NO;
				DEBUG_INFORMATION_FORMAT = "dwarf-with-dsym";
				ENABLE_NS_ASSERTIONS = NO;
				ENABLE_STRICT_OBJC_MSGSEND = YES;
				GCC_C_LANGUAGE_STANDARD = gnu99;
				GCC_NO_COMMON_BLOCKS = YES;
				GCC_WARN_64_TO_32_BIT_CONVERSION = YES;
				GCC_WARN_ABOUT_RETURN_TYPE = YES_ERROR;
				GCC_WARN_UNDECLARED_SELECTOR = YES;
				GCC_WARN_UNINITIALIZED_AUTOS = YES_AGGRESSIVE;
				GCC_WARN_UNUSED_FUNCTION = YES;
				GCC_WARN_UNUSED_VARIABLE = YES;
				IPHONEOS_DEPLOYMENT_TARGET = 8.0;
				MTL_ENABLE_DEBUG_INFO = NO;
				SWIFT_OPTIMIZATION_LEVEL = "-Owholemodule";
				SWIFT_VERSION = 3.0;
				VALIDATE_PRODUCT = YES;
				VERSIONING_SYSTEM = "apple-generic";
			};
			name = Release;
		};
		92806934D3E24252EB9C52E0 /* Debug */ = {
			isa = XCBuildConfiguration;
			baseConfigurationReference = 74E544D902BD0E8A557972F2 /* Pods-Tests.debug.xcconfig */;
			buildSettings = {
				ALWAYS_EMBED_SWIFT_STANDARD_LIBRARIES = YES;
				BUNDLE_LOADER = "$(TEST_HOST)";
				FRAMEWORK_SEARCH_PATHS = (
					"$(inherited)",
					"$(BUILT_PRODUCTS_DIR)",
				);
				INFOPLIST_FILE = Info/Tst.plist;
				IPHONEOS_DEPLOYMENT_TARGET = 8.0;
				LD_RUNPATH_SEARCH_PATHS = "$(inherited) @executable_path/Frameworks @loader_path/Frameworks";
				MTL_ENABLE_DEBUG_INFO = true;
				PRODUCT_BUNDLE_IDENTIFIER = io.XCEssentials.AssociatedStorage.Tst;
				PRODUCT_NAME = "$(TARGET_NAME)";
				SDKROOT = iphoneos;
				SWIFT_VERSION = 3.0;
			};
			name = Debug;
		};
		9865B1B5331C561B18347710 /* Release */ = {
			isa = XCBuildConfiguration;
			baseConfigurationReference = 5C02BCAF95E34DD9DEBA9D00 /* Pods-Tests.release.xcconfig */;
			buildSettings = {
				ALWAYS_EMBED_SWIFT_STANDARD_LIBRARIES = YES;
				BUNDLE_LOADER = "$(TEST_HOST)";
				FRAMEWORK_SEARCH_PATHS = (
					"$(inherited)",
					"$(BUILT_PRODUCTS_DIR)",
				);
				INFOPLIST_FILE = Info/Tst.plist;
				IPHONEOS_DEPLOYMENT_TARGET = 8.0;
				LD_RUNPATH_SEARCH_PATHS = "$(inherited) @executable_path/Frameworks @loader_path/Frameworks";
				PRODUCT_BUNDLE_IDENTIFIER = io.XCEssentials.AssociatedStorage.Tst;
				PRODUCT_NAME = "$(TARGET_NAME)";
				SDKROOT = iphoneos;
				SWIFT_VERSION = 3.0;
			};
			name = Release;
		};
		E879324A698AD2595ED0CA09 /* Release */ = {
			isa = XCBuildConfiguration;
			baseConfigurationReference = EF8788EA731E9CB19FEBBC1C /* Pods-Fwk.release.xcconfig */;
			buildSettings = {
				ALWAYS_EMBED_SWIFT_STANDARD_LIBRARIES = YES;
				CURRENT_PROJECT_VERSION = 1;
				DEFINES_MODULE = NO;
				ENABLE_TESTABILITY = YES;
				INFOPLIST_FILE = Info/Fwk.plist;
				INSTALL_PATH = "$(LOCAL_LIBRARY_DIR)/Frameworks";
				IPHONEOS_DEPLOYMENT_TARGET = 8.0;
				LD_RUNPATH_SEARCH_PATHS = "$(inherited) @executable_path/Frameworks";
				PRODUCT_BUNDLE_IDENTIFIER = io.XCEssentials.AssociatedStorage;
				PRODUCT_NAME = XCEAssociatedStorage;
				SDKROOT = iphoneos;
				SKIP_INSTALL = YES;
				SWIFT_VERSION = 3.0;
				TARGETED_DEVICE_FAMILY = "1,2";
				VERSIONING_SYSTEM = "apple-generic";
				VERSION_INFO_PREFIX = "";
			};
			name = Release;
		};
		F1AC3EC6ADED4097C7BD1C38 /* Debug */ = {
			isa = XCBuildConfiguration;
			buildSettings = {
				ALWAYS_SEARCH_USER_PATHS = NO;
				CLANG_ANALYZER_NONNULL = YES;
				CLANG_CXX_LANGUAGE_STANDARD = "gnu++0x";
				CLANG_CXX_LIBRARY = "libc++";
				CLANG_ENABLE_MODULES = YES;
				CLANG_ENABLE_OBJC_ARC = YES;
				CLANG_WARN_BOOL_CONVERSION = YES;
				CLANG_WARN_CONSTANT_CONVERSION = YES;
				CLANG_WARN_DIRECT_OBJC_ISA_USAGE = YES_ERROR;
				CLANG_WARN_DOCUMENTATION_COMMENTS = YES;
				CLANG_WARN_EMPTY_BODY = YES;
				CLANG_WARN_ENUM_CONVERSION = YES;
				CLANG_WARN_INFINITE_RECURSION = YES;
				CLANG_WARN_INT_CONVERSION = YES;
				CLANG_WARN_OBJC_ROOT_CLASS = YES_ERROR;
				CLANG_WARN_SUSPICIOUS_MOVE = YES;
				CLANG_WARN_SUSPICIOUS_MOVES = YES;
				CLANG_WARN_UNREACHABLE_CODE = YES;
				CLANG_WARN__DUPLICATE_METHOD_MATCH = YES;
				CODE_SIGN_IDENTITY = "-";
				"CODE_SIGN_IDENTITY[sdk=iphoneos*]" = "";
				COPY_PHASE_STRIP = NO;
				DEBUG_INFORMATION_FORMAT = dwarf;
				ENABLE_STRICT_OBJC_MSGSEND = YES;
				ENABLE_TESTABILITY = YES;
				GCC_C_LANGUAGE_STANDARD = gnu99;
				GCC_DYNAMIC_NO_PIC = NO;
				GCC_NO_COMMON_BLOCKS = YES;
				GCC_OPTIMIZATION_LEVEL = 0;
				GCC_PREPROCESSOR_DEFINITIONS = (
					"DEBUG=1",
					"$(inherited)",
				);
				GCC_WARN_64_TO_32_BIT_CONVERSION = YES;
				GCC_WARN_ABOUT_RETURN_TYPE = YES_ERROR;
				GCC_WARN_UNDECLARED_SELECTOR = YES;
				GCC_WARN_UNINITIALIZED_AUTOS = YES_AGGRESSIVE;
				GCC_WARN_UNUSED_FUNCTION = YES;
				GCC_WARN_UNUSED_VARIABLE = YES;
				IPHONEOS_DEPLOYMENT_TARGET = 8.0;
				MTL_ENABLE_DEBUG_INFO = YES;
				ONLY_ACTIVE_ARCH = YES;
				SWIFT_ACTIVE_COMPILATION_CONDITIONS = DEBUG;
				SWIFT_OPTIMIZATION_LEVEL = "-Onone";
				SWIFT_VERSION = 3.0;
				VERSIONING_SYSTEM = "apple-generic";
			};
			name = Debug;
		};
/* End XCBuildConfiguration section */

/* Begin XCConfigurationList section */
		0BC354842B2D78FC7B8FB6A3 /* Build configuration list for PBXProject "Main" */ = {
			isa = XCConfigurationList;
			buildConfigurations = (
				F1AC3EC6ADED4097C7BD1C38 /* Debug */,
				655D2B34798246B1B2EEC9DB /* Release */,
			);
			defaultConfigurationIsVisible = 0;
			defaultConfigurationName = Debug;
		};
		49F0CFCC106CA38B0DD3B1AE /* Build configuration list for PBXNativeTarget "Tests" */ = {
			isa = XCConfigurationList;
			buildConfigurations = (
				92806934D3E24252EB9C52E0 /* Debug */,
				9865B1B5331C561B18347710 /* Release */,
			);
			defaultConfigurationIsVisible = 0;
			defaultConfigurationName = Release;
		};
		4CD8B6AC6B085E9D864143E5 /* Build configuration list for PBXNativeTarget "Fwk" */ = {
			isa = XCConfigurationList;
			buildConfigurations = (
				345D99AFDB12B198007F96BA /* Debug */,
				E879324A698AD2595ED0CA09 /* Release */,
			);
			defaultConfigurationIsVisible = 0;
			defaultConfigurationName = Release;
		};
/* End XCConfigurationList section */
	};
	rootObject = 7DCE22E23E961CD428BC7059 /* Project object */;
}
